// !$*UTF8*$!
{
	archiveVersion = 1;
	classes = {
	};
	objectVersion = 46;
	objects = {

/* Begin PBXBuildFile section */
		FA31A5FD1E560A9F00A4780E /* main.c in Sources */ = {isa = PBXBuildFile; fileRef = FA31A5FC1E560A9F00A4780E /* main.c */; };
		FA44496D1E56E72E0072E320 /* JG.o in Frameworks */ = {isa = PBXBuildFile; fileRef = FA44496C1E56E72E0072E320 /* JG.o */; };
/* End PBXBuildFile section */

/* Begin PBXCopyFilesBuildPhase section */
		FA31A5F71E560A9F00A4780E /* CopyFiles */ = {
			isa = PBXCopyFilesBuildPhase;
			buildActionMask = 2147483647;
			dstPath = /usr/share/man/man1/;
			dstSubfolderSpec = 0;
			files = (
			);
			runOnlyForDeploymentPostprocessing = 1;
		};
/* End PBXCopyFilesBuildPhase section */

/* Begin PBXFileReference section */
		FA31A5F91E560A9F00A4780E /* 004-FirstPartialEvaluationTest */ = {isa = PBXFileReference; explicitFileType = "compiled.mach-o.executable"; includeInIndex = 0; path = "004-FirstPartialEvaluationTest"; sourceTree = BUILT_PRODUCTS_DIR; };
		FA31A5FC1E560A9F00A4780E /* main.c */ = {isa = PBXFileReference; lastKnownFileType = sourcecode.c.c; path = main.c; sourceTree = "<group>"; };
		FA44496C1E56E72E0072E320 /* JG.o */ = {isa = PBXFileReference; lastKnownFileType = "compiled.mach-o.objfile"; name = JG.o; path = ../Libraries/JG.o; sourceTree = "<group>"; };
		FAF84EE61E5ACA9200F0089F /* CoreFoundation.framework */ = {isa = PBXFileReference; lastKnownFileType = wrapper.framework; name = CoreFoundation.framework; path = System/Library/Frameworks/CoreFoundation.framework; sourceTree = SDKROOT; };
/* End PBXFileReference section */

/* Begin PBXFrameworksBuildPhase section */
		FA31A5F61E560A9F00A4780E /* Frameworks */ = {
			isa = PBXFrameworksBuildPhase;
			buildActionMask = 2147483647;
			files = (
				FA44496D1E56E72E0072E320 /* JG.o in Frameworks */,
			);
			runOnlyForDeploymentPostprocessing = 0;
		};
/* End PBXFrameworksBuildPhase section */

/* Begin PBXGroup section */
		FA31A5F01E560A9F00A4780E = {
			isa = PBXGroup;
			children = (
				FA31A5FB1E560A9F00A4780E /* 004-FirstPartialEvaluationTest */,
				FA31A5FA1E560A9F00A4780E /* Products */,
				FA44496B1E56E72D0072E320 /* Frameworks */,
			);
			sourceTree = "<group>";
		};
		FA31A5FA1E560A9F00A4780E /* Products */ = {
			isa = PBXGroup;
			children = (
				FA31A5F91E560A9F00A4780E /* 004-FirstPartialEvaluationTest */,
			);
			name = Products;
			sourceTree = "<group>";
		};
		FA31A5FB1E560A9F00A4780E /* 004-FirstPartialEvaluationTest */ = {
			isa = PBXGroup;
			children = (
				FA31A5FC1E560A9F00A4780E /* main.c */,
			);
			path = "004-FirstPartialEvaluationTest";
			sourceTree = "<group>";
		};
		FA44496B1E56E72D0072E320 /* Frameworks */ = {
			isa = PBXGroup;
			children = (
				FAF84EE61E5ACA9200F0089F /* CoreFoundation.framework */,
				FA44496C1E56E72E0072E320 /* JG.o */,
			);
			name = Frameworks;
			sourceTree = "<group>";
		};
/* End PBXGroup section */

/* Begin PBXNativeTarget section */
		FA31A5F81E560A9F00A4780E /* 004-FirstPartialEvaluationTest */ = {
			isa = PBXNativeTarget;
			buildConfigurationList = FA31A6001E560A9F00A4780E /* Build configuration list for PBXNativeTarget "004-FirstPartialEvaluationTest" */;
			buildPhases = (
				FA31A5F51E560A9F00A4780E /* Sources */,
				FA31A5F61E560A9F00A4780E /* Frameworks */,
				FA31A5F71E560A9F00A4780E /* CopyFiles */,
			);
			buildRules = (
			);
			dependencies = (
			);
			name = "004-FirstPartialEvaluationTest";
			productName = "004-FirstPartialEvaluationTest";
			productReference = FA31A5F91E560A9F00A4780E /* 004-FirstPartialEvaluationTest */;
			productType = "com.apple.product-type.tool";
		};
/* End PBXNativeTarget section */

/* Begin PBXProject section */
		FA31A5F11E560A9F00A4780E /* Project object */ = {
			isa = PBXProject;
			attributes = {
				LastUpgradeCheck = 0820;
				ORGANIZATIONNAME = "Jonathan Ginsburg";
				TargetAttributes = {
					FA31A5F81E560A9F00A4780E = {
						CreatedOnToolsVersion = 8.2.1;
						ProvisioningStyle = Automatic;
					};
				};
			};
			buildConfigurationList = FA31A5F41E560A9F00A4780E /* Build configuration list for PBXProject "004-FirstPartialEvaluationTest" */;
			compatibilityVersion = "Xcode 3.2";
			developmentRegion = English;
			hasScannedForEncodings = 0;
			knownRegions = (
				en,
			);
			mainGroup = FA31A5F01E560A9F00A4780E;
			productRefGroup = FA31A5FA1E560A9F00A4780E /* Products */;
			projectDirPath = "";
			projectRoot = "";
			targets = (
				FA31A5F81E560A9F00A4780E /* 004-FirstPartialEvaluationTest */,
			);
		};
/* End PBXProject section */

/* Begin PBXSourcesBuildPhase section */
		FA31A5F51E560A9F00A4780E /* Sources */ = {
			isa = PBXSourcesBuildPhase;
			buildActionMask = 2147483647;
			files = (
				FA31A5FD1E560A9F00A4780E /* main.c in Sources */,
			);
			runOnlyForDeploymentPostprocessing = 0;
		};
/* End PBXSourcesBuildPhase section */

/* Begin XCBuildConfiguration section */
		FA31A5FE1E560A9F00A4780E /* Debug */ = {
			isa = XCBuildConfiguration;
			buildSettings = {
				ALWAYS_SEARCH_USER_PATHS = NO;
				CLANG_ANALYZER_NONNULL = YES;
				CLANG_CXX_LANGUAGE_STANDARD = "gnu++0x";
				CLANG_CXX_LIBRARY = "libc++";
				CLANG_ENABLE_MODULES = YES;
				CLANG_ENABLE_OBJC_ARC = YES;
				CLANG_WARN_BOOL_CONVERSION = YES;
				CLANG_WARN_CONSTANT_CONVERSION = YES;
				CLANG_WARN_DIRECT_OBJC_ISA_USAGE = YES_ERROR;
				CLANG_WARN_DOCUMENTATION_COMMENTS = YES;
				CLANG_WARN_EMPTY_BODY = YES;
				CLANG_WARN_ENUM_CONVERSION = YES;
				CLANG_WARN_INFINITE_RECURSION = YES;
				CLANG_WARN_INT_CONVERSION = YES;
				CLANG_WARN_OBJC_ROOT_CLASS = YES_ERROR;
				CLANG_WARN_SUSPICIOUS_MOVE = YES;
				CLANG_WARN_UNREACHABLE_CODE = YES;
				CLANG_WARN__DUPLICATE_METHOD_MATCH = YES;
				CODE_SIGN_IDENTITY = "-";
				COPY_PHASE_STRIP = NO;
				DEBUG_INFORMATION_FORMAT = dwarf;
				ENABLE_STRICT_OBJC_MSGSEND = YES;
				ENABLE_TESTABILITY = YES;
				GCC_C_LANGUAGE_STANDARD = gnu99;
				GCC_DYNAMIC_NO_PIC = NO;
				GCC_NO_COMMON_BLOCKS = YES;
				GCC_OPTIMIZATION_LEVEL = 0;
				GCC_PREPROCESSOR_DEFINITIONS = (
					"DEBUG=1",
					"$(inherited)",
				);
				GCC_WARN_64_TO_32_BIT_CONVERSION = YES;
				GCC_WARN_ABOUT_RETURN_TYPE = YES_ERROR;
				GCC_WARN_UNDECLARED_SELECTOR = YES;
				GCC_WARN_UNINITIALIZED_AUTOS = YES_AGGRESSIVE;
				GCC_WARN_UNUSED_FUNCTION = YES;
				GCC_WARN_UNUSED_VARIABLE = YES;
				MACOSX_DEPLOYMENT_TARGET = 10.12;
				MTL_ENABLE_DEBUG_INFO = YES;
				ONLY_ACTIVE_ARCH = YES;
				SDKROOT = macosx;
			};
			name = Debug;
		};
		FA31A5FF1E560A9F00A4780E /* Release */ = {
			isa = XCBuildConfiguration;
			buildSettings = {
				ALWAYS_SEARCH_USER_PATHS = NO;
				CLANG_ANALYZER_NONNULL = YES;
				CLANG_CXX_LANGUAGE_STANDARD = "gnu++0x";
				CLANG_CXX_LIBRARY = "libc++";
				CLANG_ENABLE_MODULES = YES;
				CLANG_ENABLE_OBJC_ARC = YES;
				CLANG_WARN_BOOL_CONVERSION = YES;
				CLANG_WARN_CONSTANT_CONVERSION = YES;
				CLANG_WARN_DIRECT_OBJC_ISA_USAGE = YES_ERROR;
				CLANG_WARN_DOCUMENTATION_COMMENTS = YES;
				CLANG_WARN_EMPTY_BODY = YES;
				CLANG_WARN_ENUM_CONVERSION = YES;
				CLANG_WARN_INFINITE_RECURSION = YES;
				CLANG_WARN_INT_CONVERSION = YES;
				CLANG_WARN_OBJC_ROOT_CLASS = YES_ERROR;
				CLANG_WARN_SUSPICIOUS_MOVE = YES;
				CLANG_WARN_UNREACHABLE_CODE = YES;
				CLANG_WARN__DUPLICATE_METHOD_MATCH = YES;
				CODE_SIGN_IDENTITY = "-";
				COPY_PHASE_STRIP = NO;
				DEBUG_INFORMATION_FORMAT = "dwarf-with-dsym";
				ENABLE_NS_ASSERTIONS = NO;
				ENABLE_STRICT_OBJC_MSGSEND = YES;
				GCC_C_LANGUAGE_STANDARD = gnu99;
				GCC_NO_COMMON_BLOCKS = YES;
				GCC_WARN_64_TO_32_BIT_CONVERSION = YES;
				GCC_WARN_ABOUT_RETURN_TYPE = YES_ERROR;
				GCC_WARN_UNDECLARED_SELECTOR = YES;
				GCC_WARN_UNINITIALIZED_AUTOS = YES_AGGRESSIVE;
				GCC_WARN_UNUSED_FUNCTION = YES;
				GCC_WARN_UNUSED_VARIABLE = YES;
				MACOSX_DEPLOYMENT_TARGET = 10.12;
				MTL_ENABLE_DEBUG_INFO = NO;
				SDKROOT = macosx;
			};
			name = Release;
		};
		FA31A6011E560A9F00A4780E /* Debug */ = {
			isa = XCBuildConfiguration;
			buildSettings = {
				GCC_WARN_UNUSED_VALUE = YES;
				GCC_WARN_UNUSED_VARIABLE = NO;
				PRODUCT_NAME = "$(TARGET_NAME)";
			};
			name = Debug;
		};
		FA31A6021E560A9F00A4780E /* Release */ = {
			isa = XCBuildConfiguration;
			buildSettings = {
				GCC_WARN_UNUSED_VALUE = YES;
				GCC_WARN_UNUSED_VARIABLE = NO;
				PRODUCT_NAME = "$(TARGET_NAME)";
			};
			name = Release;
		};
/* End XCBuildConfiguration section */

/* Begin XCConfigurationList section */
		FA31A5F41E560A9F00A4780E /* Build configuration list for PBXProject "004-FirstPartialEvaluationTest" */ = {
			isa = XCConfigurationList;
			buildConfigurations = (
				FA31A5FE1E560A9F00A4780E /* Debug */,
				FA31A5FF1E560A9F00A4780E /* Release */,
			);
			defaultConfigurationIsVisible = 0;
			defaultConfigurationName = Release;
		};
		FA31A6001E560A9F00A4780E /* Build configuration list for PBXNativeTarget "004-FirstPartialEvaluationTest" */ = {
			isa = XCConfigurationList;
			buildConfigurations = (
				FA31A6011E560A9F00A4780E /* Debug */,
				FA31A6021E560A9F00A4780E /* Release */,
			);
			defaultConfigurationIsVisible = 0;
			defaultConfigurationName = Release;
		};
/* End XCConfigurationList section */
	};
	rootObject = FA31A5F11E560A9F00A4780E /* Project object */;
}
